
Microsoft Visual Studio Solution File, Format Version 12.00
# Visual Studio Version 17
VisualStudioVersion = 17.6.33723.286
MinimumVisualStudioVersion = 10.0.40219.1
Project("{FAE04EC0-301F-11D3-BF4B-00C04F79EFBC}") = "ProdifyHW", "ProdifyHW\ProdifyHW.csproj", "{797A58BC-23DA-4308-A507-589A2F301B2C}"
EndProject
Global
	GlobalSection(SolutionConfigurationPlatforms) = preSolution
		Debug|Any CPU = Debug|Any CPU
		Release|Any CPU = Release|Any CPU
	EndGlobalSection
	GlobalSection(ProjectConfigurationPlatforms) = postSolution
		{797A58BC-23DA-4308-A507-589A2F301B2C}.Debug|Any CPU.ActiveCfg = Debug|Any CPU
		{797A58BC-23DA-4308-A507-589A2F301B2C}.Debug|Any CPU.Build.0 = Debug|Any CPU
		{797A58BC-23DA-4308-A507-589A2F301B2C}.Release|Any CPU.ActiveCfg = Release|Any CPU
		{797A58BC-23DA-4308-A507-589A2F301B2C}.Release|Any CPU.Build.0 = Release|Any CPU
	EndGlobalSection
	GlobalSection(SolutionProperties) = preSolution
		HideSolutionNode = FALSE
	EndGlobalSection
	GlobalSection(ExtensibilityGlobals) = postSolution
		SolutionGuid = {909498DA-043A-4277-8C71-473AC496BF42}
	EndGlobalSection
EndGlobal
